// !$*UTF8*$!
{
	archiveVersion = 1;
	classes = {
	};
	objectVersion = 46;
	objects = {

/* Begin PBXBuildFile section */
		11ACFCFD1DEA29FE00E5FE62 /* AppDelegate.swift in Sources */ = {isa = PBXBuildFile; fileRef = 11ACFCFC1DEA29FE00E5FE62 /* AppDelegate.swift */; };
		11ACFCFF1DEA29FE00E5FE62 /* Assets.xcassets in Resources */ = {isa = PBXBuildFile; fileRef = 11ACFCFE1DEA29FE00E5FE62 /* Assets.xcassets */; };
		11ACFD021DEA29FE00E5FE62 /* MainMenu.xib in Resources */ = {isa = PBXBuildFile; fileRef = 11ACFD001DEA29FE00E5FE62 /* MainMenu.xib */; };
		11ACFD0D1DEA29FE00E5FE62 /* AntidoteTests.swift in Sources */ = {isa = PBXBuildFile; fileRef = 11ACFD0C1DEA29FE00E5FE62 /* AntidoteTests.swift */; };
		11ACFD211DEA2C2300E5FE62 /* SnapKit.framework in Frameworks */ = {isa = PBXBuildFile; fileRef = 11ACFD1E1DEA2C0D00E5FE62 /* SnapKit.framework */; };
		11ACFD221DEA2C2300E5FE62 /* SnapKit.framework in Embed Frameworks */ = {isa = PBXBuildFile; fileRef = 11ACFD1E1DEA2C0D00E5FE62 /* SnapKit.framework */; settings = {ATTRIBUTES = (CodeSignOnCopy, RemoveHeadersOnCopy, ); }; };
		2188C6F48AA20211ED084596 /* libPods-AntidoteTests.a in Frameworks */ = {isa = PBXBuildFile; fileRef = CBE85D89DBA1458C366526D1 /* libPods-AntidoteTests.a */; };
		6EF574D6A951585A62040651 /* libPods-Antidote.a in Frameworks */ = {isa = PBXBuildFile; fileRef = 20A1CA5DBD2316D37B671FC0 /* libPods-Antidote.a */; };
		DD43D5781E05BA3F0036AC28 /* MainWindowController.swift in Sources */ = {isa = PBXBuildFile; fileRef = DD43D5771E05BA3F0036AC28 /* MainWindowController.swift */; };
		DDA9A10F1E05DD17003E9888 /* StringExtension.swift in Sources */ = {isa = PBXBuildFile; fileRef = DDA9A10E1E05DD17003E9888 /* StringExtension.swift */; };
		DDDAB02E1E2872F600775B87 /* BaseConstants.swift in Sources */ = {isa = PBXBuildFile; fileRef = DDDAB0291E2872F600775B87 /* BaseConstants.swift */; };
		DDDAB02F1E2872F600775B87 /* LabelView.swift in Sources */ = {isa = PBXBuildFile; fileRef = DDDAB02A1E2872F600775B87 /* LabelView.swift */; };
		DDDAB0301E2872F600775B87 /* ListView.swift in Sources */ = {isa = PBXBuildFile; fileRef = DDDAB02B1E2872F600775B87 /* ListView.swift */; };
		DDDAB0311E2872F600775B87 /* MultilineTextField.swift in Sources */ = {isa = PBXBuildFile; fileRef = DDDAB02C1E2872F600775B87 /* MultilineTextField.swift */; };
		DDDAB0321E2872F600775B87 /* RoundedImageView.swift in Sources */ = {isa = PBXBuildFile; fileRef = DDDAB02D1E2872F600775B87 /* RoundedImageView.swift */; };
/* End PBXBuildFile section */

/* Begin PBXContainerItemProxy section */
		11ACFD091DEA29FE00E5FE62 /* PBXContainerItemProxy */ = {
			isa = PBXContainerItemProxy;
			containerPortal = 11ACFCF11DEA29FE00E5FE62 /* Project object */;
			proxyType = 1;
			remoteGlobalIDString = 11ACFCF81DEA29FE00E5FE62;
			remoteInfo = Antidote;
		};
		11ACFD1D1DEA2C0D00E5FE62 /* PBXContainerItemProxy */ = {
			isa = PBXContainerItemProxy;
			containerPortal = 11ACFD181DEA2C0D00E5FE62 /* SnapKit.xcodeproj */;
			proxyType = 2;
			remoteGlobalIDString = EEBCC9D819CC627D0083B827;
			remoteInfo = SnapKit;
		};
		11ACFD1F1DEA2C0D00E5FE62 /* PBXContainerItemProxy */ = {
			isa = PBXContainerItemProxy;
			containerPortal = 11ACFD181DEA2C0D00E5FE62 /* SnapKit.xcodeproj */;
			proxyType = 2;
			remoteGlobalIDString = EEBCC9E219CC627E0083B827;
			remoteInfo = "SnapKit Tests";
		};
		11ACFD231DEA2C2300E5FE62 /* PBXContainerItemProxy */ = {
			isa = PBXContainerItemProxy;
			containerPortal = 11ACFD181DEA2C0D00E5FE62 /* SnapKit.xcodeproj */;
			proxyType = 1;
			remoteGlobalIDString = EEBCC9D719CC627D0083B827;
			remoteInfo = SnapKit;
		};
/* End PBXContainerItemProxy section */

/* Begin PBXCopyFilesBuildPhase section */
		11ACFD251DEA2C2300E5FE62 /* Embed Frameworks */ = {
			isa = PBXCopyFilesBuildPhase;
			buildActionMask = 2147483647;
			dstPath = "";
			dstSubfolderSpec = 10;
			files = (
				11ACFD221DEA2C2300E5FE62 /* SnapKit.framework in Embed Frameworks */,
			);
			name = "Embed Frameworks";
			runOnlyForDeploymentPostprocessing = 0;
		};
/* End PBXCopyFilesBuildPhase section */

/* Begin PBXFileReference section */
		11ACFCF91DEA29FE00E5FE62 /* Antidote.app */ = {isa = PBXFileReference; explicitFileType = wrapper.application; includeInIndex = 0; path = Antidote.app; sourceTree = BUILT_PRODUCTS_DIR; };
		11ACFCFC1DEA29FE00E5FE62 /* AppDelegate.swift */ = {isa = PBXFileReference; lastKnownFileType = sourcecode.swift; path = AppDelegate.swift; sourceTree = "<group>"; };
		11ACFCFE1DEA29FE00E5FE62 /* Assets.xcassets */ = {isa = PBXFileReference; lastKnownFileType = folder.assetcatalog; path = Assets.xcassets; sourceTree = "<group>"; };
		11ACFD011DEA29FE00E5FE62 /* Base */ = {isa = PBXFileReference; lastKnownFileType = file.xib; name = Base; path = Base.lproj/MainMenu.xib; sourceTree = "<group>"; };
		11ACFD031DEA29FE00E5FE62 /* Info.plist */ = {isa = PBXFileReference; lastKnownFileType = text.plist.xml; path = Info.plist; sourceTree = "<group>"; };
		11ACFD081DEA29FE00E5FE62 /* AntidoteTests.xctest */ = {isa = PBXFileReference; explicitFileType = wrapper.cfbundle; includeInIndex = 0; path = AntidoteTests.xctest; sourceTree = BUILT_PRODUCTS_DIR; };
		11ACFD0C1DEA29FE00E5FE62 /* AntidoteTests.swift */ = {isa = PBXFileReference; lastKnownFileType = sourcecode.swift; path = AntidoteTests.swift; sourceTree = "<group>"; };
		11ACFD0E1DEA29FE00E5FE62 /* Info.plist */ = {isa = PBXFileReference; lastKnownFileType = text.plist.xml; path = Info.plist; sourceTree = "<group>"; };
		11ACFD181DEA2C0D00E5FE62 /* SnapKit.xcodeproj */ = {isa = PBXFileReference; lastKnownFileType = "wrapper.pb-project"; name = SnapKit.xcodeproj; path = submodules/SnapKit/SnapKit.xcodeproj; sourceTree = "<group>"; };
		11ACFD261DEA2CD800E5FE62 /* Antidote-Bridging-Header.h */ = {isa = PBXFileReference; lastKnownFileType = sourcecode.c.h; path = "Antidote-Bridging-Header.h"; sourceTree = "<group>"; };
		191FE2B78EEBD67AB3A52861 /* Pods-Antidote.debug.xcconfig */ = {isa = PBXFileReference; includeInIndex = 1; lastKnownFileType = text.xcconfig; name = "Pods-Antidote.debug.xcconfig"; path = "Pods/Target Support Files/Pods-Antidote/Pods-Antidote.debug.xcconfig"; sourceTree = "<group>"; };
		20A1CA5DBD2316D37B671FC0 /* libPods-Antidote.a */ = {isa = PBXFileReference; explicitFileType = archive.ar; includeInIndex = 0; path = "libPods-Antidote.a"; sourceTree = BUILT_PRODUCTS_DIR; };
		20E71A13F5877B1D5A22B7FE /* Pods-AntidoteTests.release.xcconfig */ = {isa = PBXFileReference; includeInIndex = 1; lastKnownFileType = text.xcconfig; name = "Pods-AntidoteTests.release.xcconfig"; path = "Pods/Target Support Files/Pods-AntidoteTests/Pods-AntidoteTests.release.xcconfig"; sourceTree = "<group>"; };
		97F2B7B37B023CCBED066487 /* Pods-AntidoteTests.debug.xcconfig */ = {isa = PBXFileReference; includeInIndex = 1; lastKnownFileType = text.xcconfig; name = "Pods-AntidoteTests.debug.xcconfig"; path = "Pods/Target Support Files/Pods-AntidoteTests/Pods-AntidoteTests.debug.xcconfig"; sourceTree = "<group>"; };
		AC55605FF3B6978D5B37057C /* Pods-Antidote.release.xcconfig */ = {isa = PBXFileReference; includeInIndex = 1; lastKnownFileType = text.xcconfig; name = "Pods-Antidote.release.xcconfig"; path = "Pods/Target Support Files/Pods-Antidote/Pods-Antidote.release.xcconfig"; sourceTree = "<group>"; };
		CBE85D89DBA1458C366526D1 /* libPods-AntidoteTests.a */ = {isa = PBXFileReference; explicitFileType = archive.ar; includeInIndex = 0; path = "libPods-AntidoteTests.a"; sourceTree = BUILT_PRODUCTS_DIR; };
		DD43D5771E05BA3F0036AC28 /* MainWindowController.swift */ = {isa = PBXFileReference; fileEncoding = 4; lastKnownFileType = sourcecode.swift; path = MainWindowController.swift; sourceTree = "<group>"; };
		DDA9A10E1E05DD17003E9888 /* StringExtension.swift */ = {isa = PBXFileReference; fileEncoding = 4; lastKnownFileType = sourcecode.swift; path = StringExtension.swift; sourceTree = "<group>"; };
		DDDAB0291E2872F600775B87 /* BaseConstants.swift */ = {isa = PBXFileReference; fileEncoding = 4; lastKnownFileType = sourcecode.swift; path = BaseConstants.swift; sourceTree = "<group>"; };
		DDDAB02A1E2872F600775B87 /* LabelView.swift */ = {isa = PBXFileReference; fileEncoding = 4; lastKnownFileType = sourcecode.swift; path = LabelView.swift; sourceTree = "<group>"; };
		DDDAB02B1E2872F600775B87 /* ListView.swift */ = {isa = PBXFileReference; fileEncoding = 4; lastKnownFileType = sourcecode.swift; path = ListView.swift; sourceTree = "<group>"; };
		DDDAB02C1E2872F600775B87 /* MultilineTextField.swift */ = {isa = PBXFileReference; fileEncoding = 4; lastKnownFileType = sourcecode.swift; path = MultilineTextField.swift; sourceTree = "<group>"; };
		DDDAB02D1E2872F600775B87 /* RoundedImageView.swift */ = {isa = PBXFileReference; fileEncoding = 4; lastKnownFileType = sourcecode.swift; path = RoundedImageView.swift; sourceTree = "<group>"; };
/* End PBXFileReference section */

/* Begin PBXFrameworksBuildPhase section */
		11ACFCF61DEA29FE00E5FE62 /* Frameworks */ = {
			isa = PBXFrameworksBuildPhase;
			buildActionMask = 2147483647;
			files = (
				6EF574D6A951585A62040651 /* libPods-Antidote.a in Frameworks */,
				11ACFD211DEA2C2300E5FE62 /* SnapKit.framework in Frameworks */,
			);
			runOnlyForDeploymentPostprocessing = 0;
		};
		11ACFD051DEA29FE00E5FE62 /* Frameworks */ = {
			isa = PBXFrameworksBuildPhase;
			buildActionMask = 2147483647;
			files = (
				2188C6F48AA20211ED084596 /* libPods-AntidoteTests.a in Frameworks */,
			);
			runOnlyForDeploymentPostprocessing = 0;
		};
/* End PBXFrameworksBuildPhase section */

/* Begin PBXGroup section */
		11ACFCF01DEA29FE00E5FE62 = {
			isa = PBXGroup;
			children = (
				11ACFCFB1DEA29FE00E5FE62 /* Antidote */,
				11ACFD0B1DEA29FE00E5FE62 /* AntidoteTests */,
				11ACFCFA1DEA29FE00E5FE62 /* Products */,
				F5FCC069498C736E609255AF /* Pods */,
				3679D6FDD00CE91966C4B88C /* Frameworks */,
				11ACFD171DEA2BF300E5FE62 /* Submodules */,
			);
			sourceTree = "<group>";
		};
		11ACFCFA1DEA29FE00E5FE62 /* Products */ = {
			isa = PBXGroup;
			children = (
				11ACFCF91DEA29FE00E5FE62 /* Antidote.app */,
				11ACFD081DEA29FE00E5FE62 /* AntidoteTests.xctest */,
			);
			name = Products;
			sourceTree = "<group>";
		};
		11ACFCFB1DEA29FE00E5FE62 /* Antidote */ = {
			isa = PBXGroup;
			children = (
				11ACFCFC1DEA29FE00E5FE62 /* AppDelegate.swift */,
				DD43D5731E05B9B60036AC28 /* Controllers */,
				DD43D5751E05B9C50036AC28 /* Extensions */,
				DD43D5721E05B9A10036AC28 /* Models */,
				DD43D5761E05B9CF0036AC28 /* Supporting Files */,
				DD43D5741E05B9BE0036AC28 /* Views */,
			);
			path = Antidote;
			sourceTree = "<group>";
		};
		11ACFD0B1DEA29FE00E5FE62 /* AntidoteTests */ = {
			isa = PBXGroup;
			children = (
				11ACFD0C1DEA29FE00E5FE62 /* AntidoteTests.swift */,
				11ACFD0E1DEA29FE00E5FE62 /* Info.plist */,
			);
			path = AntidoteTests;
			sourceTree = "<group>";
		};
		11ACFD171DEA2BF300E5FE62 /* Submodules */ = {
			isa = PBXGroup;
			children = (
				11ACFD181DEA2C0D00E5FE62 /* SnapKit.xcodeproj */,
			);
			name = Submodules;
			sourceTree = "<group>";
		};
		11ACFD191DEA2C0D00E5FE62 /* Products */ = {
			isa = PBXGroup;
			children = (
				11ACFD1E1DEA2C0D00E5FE62 /* SnapKit.framework */,
				11ACFD201DEA2C0D00E5FE62 /* SnapKit Tests.xctest */,
			);
			name = Products;
			sourceTree = "<group>";
		};
		3679D6FDD00CE91966C4B88C /* Frameworks */ = {
			isa = PBXGroup;
			children = (
				20A1CA5DBD2316D37B671FC0 /* libPods-Antidote.a */,
				CBE85D89DBA1458C366526D1 /* libPods-AntidoteTests.a */,
			);
			name = Frameworks;
			sourceTree = "<group>";
		};
		DD43D5721E05B9A10036AC28 /* Models */ = {
			isa = PBXGroup;
			children = (
			);
			name = Models;
			sourceTree = "<group>";
		};
		DD43D5731E05B9B60036AC28 /* Controllers */ = {
			isa = PBXGroup;
			children = (
				DD43D5771E05BA3F0036AC28 /* MainWindowController.swift */,
			);
			name = Controllers;
			sourceTree = "<group>";
		};
		DD43D5741E05B9BE0036AC28 /* Views */ = {
			isa = PBXGroup;
			children = (
				DDDAB01D1E2870E400775B87 /* Base Views */,
			);
			name = Views;
			sourceTree = "<group>";
		};
		DD43D5751E05B9C50036AC28 /* Extensions */ = {
			isa = PBXGroup;
			children = (
				DDA9A10E1E05DD17003E9888 /* StringExtension.swift */,
			);
			name = Extensions;
			sourceTree = "<group>";
		};
		DD43D5761E05B9CF0036AC28 /* Supporting Files */ = {
			isa = PBXGroup;
			children = (
				11ACFCFE1DEA29FE00E5FE62 /* Assets.xcassets */,
				11ACFD001DEA29FE00E5FE62 /* MainMenu.xib */,
				11ACFD031DEA29FE00E5FE62 /* Info.plist */,
				11ACFD261DEA2CD800E5FE62 /* Antidote-Bridging-Header.h */,
			);
			name = "Supporting Files";
			sourceTree = "<group>";
		};
		DDDAB01D1E2870E400775B87 /* Base Views */ = {
			isa = PBXGroup;
			children = (
				DDDAB0291E2872F600775B87 /* BaseConstants.swift */,
				DDDAB02A1E2872F600775B87 /* LabelView.swift */,
				DDDAB02B1E2872F600775B87 /* ListView.swift */,
				DDDAB02C1E2872F600775B87 /* MultilineTextField.swift */,
				DDDAB02D1E2872F600775B87 /* RoundedImageView.swift */,
			);
			name = "Base Views";
			sourceTree = "<group>";
		};
		F5FCC069498C736E609255AF /* Pods */ = {
			isa = PBXGroup;
			children = (
				191FE2B78EEBD67AB3A52861 /* Pods-Antidote.debug.xcconfig */,
				AC55605FF3B6978D5B37057C /* Pods-Antidote.release.xcconfig */,
				97F2B7B37B023CCBED066487 /* Pods-AntidoteTests.debug.xcconfig */,
				20E71A13F5877B1D5A22B7FE /* Pods-AntidoteTests.release.xcconfig */,
			);
			name = Pods;
			sourceTree = "<group>";
		};
/* End PBXGroup section */

/* Begin PBXNativeTarget section */
		11ACFCF81DEA29FE00E5FE62 /* Antidote */ = {
			isa = PBXNativeTarget;
			buildConfigurationList = 11ACFD111DEA29FE00E5FE62 /* Build configuration list for PBXNativeTarget "Antidote" */;
			buildPhases = (
				DF6E424D6D24E5DA6647FDE1 /* [CP] Check Pods Manifest.lock */,
				11ACFCF51DEA29FE00E5FE62 /* Sources */,
				11ACFCF61DEA29FE00E5FE62 /* Frameworks */,
				11ACFCF71DEA29FE00E5FE62 /* Resources */,
				7456F740375E97BD95CEE3B6 /* [CP] Embed Pods Frameworks */,
				0BE8E7E14FD8213D47B5BF88 /* [CP] Copy Pods Resources */,
				11ACFD251DEA2C2300E5FE62 /* Embed Frameworks */,
			);
			buildRules = (
			);
			dependencies = (
				11ACFD241DEA2C2300E5FE62 /* PBXTargetDependency */,
			);
			name = Antidote;
			productName = Antidote;
			productReference = 11ACFCF91DEA29FE00E5FE62 /* Antidote.app */;
			productType = "com.apple.product-type.application";
		};
		11ACFD071DEA29FE00E5FE62 /* AntidoteTests */ = {
			isa = PBXNativeTarget;
			buildConfigurationList = 11ACFD141DEA29FE00E5FE62 /* Build configuration list for PBXNativeTarget "AntidoteTests" */;
			buildPhases = (
				4EA9379BB6ED43797F898F38 /* [CP] Check Pods Manifest.lock */,
				11ACFD041DEA29FE00E5FE62 /* Sources */,
				11ACFD051DEA29FE00E5FE62 /* Frameworks */,
				11ACFD061DEA29FE00E5FE62 /* Resources */,
				E2D7E2118C4A5AA11E77E2A0 /* [CP] Embed Pods Frameworks */,
				095B95D0B13EFBCBCEAA2232 /* [CP] Copy Pods Resources */,
			);
			buildRules = (
			);
			dependencies = (
				11ACFD0A1DEA29FE00E5FE62 /* PBXTargetDependency */,
			);
			name = AntidoteTests;
			productName = AntidoteTests;
			productReference = 11ACFD081DEA29FE00E5FE62 /* AntidoteTests.xctest */;
			productType = "com.apple.product-type.bundle.unit-test";
		};
/* End PBXNativeTarget section */

/* Begin PBXProject section */
		11ACFCF11DEA29FE00E5FE62 /* Project object */ = {
			isa = PBXProject;
			attributes = {
				LastSwiftUpdateCheck = 0810;
				LastUpgradeCheck = 0820;
				ORGANIZATIONNAME = "Dmytro Vorobiov";
				TargetAttributes = {
					11ACFCF81DEA29FE00E5FE62 = {
						CreatedOnToolsVersion = 8.1;
						DevelopmentTeam = NHVF8NSG3J;
						LastSwiftMigration = 0810;
						ProvisioningStyle = Automatic;
					};
					11ACFD071DEA29FE00E5FE62 = {
						CreatedOnToolsVersion = 8.1;
						DevelopmentTeam = NHVF8NSG3J;
						ProvisioningStyle = Automatic;
						TestTargetID = 11ACFCF81DEA29FE00E5FE62;
					};
				};
			};
			buildConfigurationList = 11ACFCF41DEA29FE00E5FE62 /* Build configuration list for PBXProject "Antidote" */;
			compatibilityVersion = "Xcode 3.2";
			developmentRegion = English;
			hasScannedForEncodings = 0;
			knownRegions = (
				en,
				Base,
			);
			mainGroup = 11ACFCF01DEA29FE00E5FE62;
			productRefGroup = 11ACFCFA1DEA29FE00E5FE62 /* Products */;
			projectDirPath = "";
			projectReferences = (
				{
					ProductGroup = 11ACFD191DEA2C0D00E5FE62 /* Products */;
					ProjectRef = 11ACFD181DEA2C0D00E5FE62 /* SnapKit.xcodeproj */;
				},
			);
			projectRoot = "";
			targets = (
				11ACFCF81DEA29FE00E5FE62 /* Antidote */,
				11ACFD071DEA29FE00E5FE62 /* AntidoteTests */,
			);
		};
/* End PBXProject section */

/* Begin PBXReferenceProxy section */
		11ACFD1E1DEA2C0D00E5FE62 /* SnapKit.framework */ = {
			isa = PBXReferenceProxy;
			fileType = wrapper.framework;
			path = SnapKit.framework;
			remoteRef = 11ACFD1D1DEA2C0D00E5FE62 /* PBXContainerItemProxy */;
			sourceTree = BUILT_PRODUCTS_DIR;
		};
		11ACFD201DEA2C0D00E5FE62 /* SnapKit Tests.xctest */ = {
			isa = PBXReferenceProxy;
			fileType = wrapper.cfbundle;
			path = "SnapKit Tests.xctest";
			remoteRef = 11ACFD1F1DEA2C0D00E5FE62 /* PBXContainerItemProxy */;
			sourceTree = BUILT_PRODUCTS_DIR;
		};
/* End PBXReferenceProxy section */

/* Begin PBXResourcesBuildPhase section */
		11ACFCF71DEA29FE00E5FE62 /* Resources */ = {
			isa = PBXResourcesBuildPhase;
			buildActionMask = 2147483647;
			files = (
				11ACFCFF1DEA29FE00E5FE62 /* Assets.xcassets in Resources */,
				11ACFD021DEA29FE00E5FE62 /* MainMenu.xib in Resources */,
			);
			runOnlyForDeploymentPostprocessing = 0;
		};
		11ACFD061DEA29FE00E5FE62 /* Resources */ = {
			isa = PBXResourcesBuildPhase;
			buildActionMask = 2147483647;
			files = (
			);
			runOnlyForDeploymentPostprocessing = 0;
		};
/* End PBXResourcesBuildPhase section */

/* Begin PBXShellScriptBuildPhase section */
		095B95D0B13EFBCBCEAA2232 /* [CP] Copy Pods Resources */ = {
			isa = PBXShellScriptBuildPhase;
			buildActionMask = 2147483647;
			files = (
			);
			inputPaths = (
			);
			name = "[CP] Copy Pods Resources";
			outputPaths = (
			);
			runOnlyForDeploymentPostprocessing = 0;
			shellPath = /bin/sh;
			shellScript = "\"${SRCROOT}/Pods/Target Support Files/Pods-AntidoteTests/Pods-AntidoteTests-resources.sh\"\n";
			showEnvVarsInLog = 0;
		};
		0BE8E7E14FD8213D47B5BF88 /* [CP] Copy Pods Resources */ = {
			isa = PBXShellScriptBuildPhase;
			buildActionMask = 2147483647;
			files = (
			);
			inputPaths = (
			);
			name = "[CP] Copy Pods Resources";
			outputPaths = (
			);
			runOnlyForDeploymentPostprocessing = 0;
			shellPath = /bin/sh;
			shellScript = "\"${SRCROOT}/Pods/Target Support Files/Pods-Antidote/Pods-Antidote-resources.sh\"\n";
			showEnvVarsInLog = 0;
		};
		4EA9379BB6ED43797F898F38 /* [CP] Check Pods Manifest.lock */ = {
			isa = PBXShellScriptBuildPhase;
			buildActionMask = 2147483647;
			files = (
			);
			inputPaths = (
			);
			name = "[CP] Check Pods Manifest.lock";
			outputPaths = (
			);
			runOnlyForDeploymentPostprocessing = 0;
			shellPath = /bin/sh;
			shellScript = "diff \"${PODS_ROOT}/../Podfile.lock\" \"${PODS_ROOT}/Manifest.lock\" > /dev/null\nif [ $? != 0 ] ; then\n    # print error to STDERR\n    echo \"error: The sandbox is not in sync with the Podfile.lock. Run 'pod install' or update your CocoaPods installation.\" >&2\n    exit 1\nfi\n";
			showEnvVarsInLog = 0;
		};
		7456F740375E97BD95CEE3B6 /* [CP] Embed Pods Frameworks */ = {
			isa = PBXShellScriptBuildPhase;
			buildActionMask = 2147483647;
			files = (
			);
			inputPaths = (
			);
			name = "[CP] Embed Pods Frameworks";
			outputPaths = (
			);
			runOnlyForDeploymentPostprocessing = 0;
			shellPath = /bin/sh;
			shellScript = "\"${SRCROOT}/Pods/Target Support Files/Pods-Antidote/Pods-Antidote-frameworks.sh\"\n";
			showEnvVarsInLog = 0;
		};
		DF6E424D6D24E5DA6647FDE1 /* [CP] Check Pods Manifest.lock */ = {
			isa = PBXShellScriptBuildPhase;
			buildActionMask = 2147483647;
			files = (
			);
			inputPaths = (
			);
			name = "[CP] Check Pods Manifest.lock";
			outputPaths = (
			);
			runOnlyForDeploymentPostprocessing = 0;
			shellPath = /bin/sh;
			shellScript = "diff \"${PODS_ROOT}/../Podfile.lock\" \"${PODS_ROOT}/Manifest.lock\" > /dev/null\nif [ $? != 0 ] ; then\n    # print error to STDERR\n    echo \"error: The sandbox is not in sync with the Podfile.lock. Run 'pod install' or update your CocoaPods installation.\" >&2\n    exit 1\nfi\n";
			showEnvVarsInLog = 0;
		};
		E2D7E2118C4A5AA11E77E2A0 /* [CP] Embed Pods Frameworks */ = {
			isa = PBXShellScriptBuildPhase;
			buildActionMask = 2147483647;
			files = (
			);
			inputPaths = (
			);
			name = "[CP] Embed Pods Frameworks";
			outputPaths = (
			);
			runOnlyForDeploymentPostprocessing = 0;
			shellPath = /bin/sh;
			shellScript = "\"${SRCROOT}/Pods/Target Support Files/Pods-AntidoteTests/Pods-AntidoteTests-frameworks.sh\"\n";
			showEnvVarsInLog = 0;
		};
/* End PBXShellScriptBuildPhase section */

/* Begin PBXSourcesBuildPhase section */
		11ACFCF51DEA29FE00E5FE62 /* Sources */ = {
			isa = PBXSourcesBuildPhase;
			buildActionMask = 2147483647;
			files = (
				DDDAB0321E2872F600775B87 /* RoundedImageView.swift in Sources */,
				DD43D5781E05BA3F0036AC28 /* MainWindowController.swift in Sources */,
				11ACFCFD1DEA29FE00E5FE62 /* AppDelegate.swift in Sources */,
				DDDAB0301E2872F600775B87 /* ListView.swift in Sources */,
				DDDAB0311E2872F600775B87 /* MultilineTextField.swift in Sources */,
				DDDAB02E1E2872F600775B87 /* BaseConstants.swift in Sources */,
				DDA9A10F1E05DD17003E9888 /* StringExtension.swift in Sources */,
				DDDAB02F1E2872F600775B87 /* LabelView.swift in Sources */,
			);
			runOnlyForDeploymentPostprocessing = 0;
		};
		11ACFD041DEA29FE00E5FE62 /* Sources */ = {
			isa = PBXSourcesBuildPhase;
			buildActionMask = 2147483647;
			files = (
				11ACFD0D1DEA29FE00E5FE62 /* AntidoteTests.swift in Sources */,
			);
			runOnlyForDeploymentPostprocessing = 0;
		};
/* End PBXSourcesBuildPhase section */

/* Begin PBXTargetDependency section */
		11ACFD0A1DEA29FE00E5FE62 /* PBXTargetDependency */ = {
			isa = PBXTargetDependency;
			target = 11ACFCF81DEA29FE00E5FE62 /* Antidote */;
			targetProxy = 11ACFD091DEA29FE00E5FE62 /* PBXContainerItemProxy */;
		};
		11ACFD241DEA2C2300E5FE62 /* PBXTargetDependency */ = {
			isa = PBXTargetDependency;
			name = SnapKit;
			targetProxy = 11ACFD231DEA2C2300E5FE62 /* PBXContainerItemProxy */;
		};
/* End PBXTargetDependency section */

/* Begin PBXVariantGroup section */
		11ACFD001DEA29FE00E5FE62 /* MainMenu.xib */ = {
			isa = PBXVariantGroup;
			children = (
				11ACFD011DEA29FE00E5FE62 /* Base */,
			);
			name = MainMenu.xib;
			sourceTree = "<group>";
		};
/* End PBXVariantGroup section */

/* Begin XCBuildConfiguration section */
		11ACFD0F1DEA29FE00E5FE62 /* Debug */ = {
			isa = XCBuildConfiguration;
			buildSettings = {
				ALWAYS_SEARCH_USER_PATHS = NO;
				CLANG_ANALYZER_NONNULL = YES;
				CLANG_CXX_LANGUAGE_STANDARD = "gnu++0x";
				CLANG_CXX_LIBRARY = "libc++";
				CLANG_ENABLE_MODULES = YES;
				CLANG_ENABLE_OBJC_ARC = YES;
				CLANG_WARN_BOOL_CONVERSION = YES;
				CLANG_WARN_CONSTANT_CONVERSION = YES;
				CLANG_WARN_DIRECT_OBJC_ISA_USAGE = YES_ERROR;
				CLANG_WARN_DOCUMENTATION_COMMENTS = YES;
				CLANG_WARN_EMPTY_BODY = YES;
				CLANG_WARN_ENUM_CONVERSION = YES;
				CLANG_WARN_INFINITE_RECURSION = YES;
				CLANG_WARN_INT_CONVERSION = YES;
				CLANG_WARN_OBJC_ROOT_CLASS = YES_ERROR;
				CLANG_WARN_SUSPICIOUS_MOVE = YES;
				CLANG_WARN_SUSPICIOUS_MOVES = YES;
				CLANG_WARN_UNREACHABLE_CODE = YES;
				CLANG_WARN__DUPLICATE_METHOD_MATCH = YES;
				CODE_SIGN_IDENTITY = "-";
				COPY_PHASE_STRIP = NO;
				DEBUG_INFORMATION_FORMAT = dwarf;
				ENABLE_STRICT_OBJC_MSGSEND = YES;
				ENABLE_TESTABILITY = YES;
				GCC_C_LANGUAGE_STANDARD = gnu99;
				GCC_DYNAMIC_NO_PIC = NO;
				GCC_NO_COMMON_BLOCKS = YES;
				GCC_OPTIMIZATION_LEVEL = 0;
				GCC_PREPROCESSOR_DEFINITIONS = (
					"DEBUG=1",
					"$(inherited)",
				);
				GCC_WARN_64_TO_32_BIT_CONVERSION = YES;
				GCC_WARN_ABOUT_RETURN_TYPE = YES_ERROR;
				GCC_WARN_UNDECLARED_SELECTOR = YES;
				GCC_WARN_UNINITIALIZED_AUTOS = YES_AGGRESSIVE;
				GCC_WARN_UNUSED_FUNCTION = YES;
				GCC_WARN_UNUSED_VARIABLE = YES;
				MACOSX_DEPLOYMENT_TARGET = 10.11;
				MTL_ENABLE_DEBUG_INFO = YES;
				ONLY_ACTIVE_ARCH = YES;
				SDKROOT = macosx;
				SWIFT_ACTIVE_COMPILATION_CONDITIONS = DEBUG;
				SWIFT_OPTIMIZATION_LEVEL = "-Onone";
			};
			name = Debug;
		};
		11ACFD101DEA29FE00E5FE62 /* Release */ = {
			isa = XCBuildConfiguration;
			buildSettings = {
				ALWAYS_SEARCH_USER_PATHS = NO;
				CLANG_ANALYZER_NONNULL = YES;
				CLANG_CXX_LANGUAGE_STANDARD = "gnu++0x";
				CLANG_CXX_LIBRARY = "libc++";
				CLANG_ENABLE_MODULES = YES;
				CLANG_ENABLE_OBJC_ARC = YES;
				CLANG_WARN_BOOL_CONVERSION = YES;
				CLANG_WARN_CONSTANT_CONVERSION = YES;
				CLANG_WARN_DIRECT_OBJC_ISA_USAGE = YES_ERROR;
				CLANG_WARN_DOCUMENTATION_COMMENTS = YES;
				CLANG_WARN_EMPTY_BODY = YES;
				CLANG_WARN_ENUM_CONVERSION = YES;
				CLANG_WARN_INFINITE_RECURSION = YES;
				CLANG_WARN_INT_CONVERSION = YES;
				CLANG_WARN_OBJC_ROOT_CLASS = YES_ERROR;
				CLANG_WARN_SUSPICIOUS_MOVE = YES;
				CLANG_WARN_SUSPICIOUS_MOVES = YES;
				CLANG_WARN_UNREACHABLE_CODE = YES;
				CLANG_WARN__DUPLICATE_METHOD_MATCH = YES;
				CODE_SIGN_IDENTITY = "-";
				COPY_PHASE_STRIP = NO;
				DEBUG_INFORMATION_FORMAT = "dwarf-with-dsym";
				ENABLE_NS_ASSERTIONS = NO;
				ENABLE_STRICT_OBJC_MSGSEND = YES;
				GCC_C_LANGUAGE_STANDARD = gnu99;
				GCC_NO_COMMON_BLOCKS = YES;
				GCC_WARN_64_TO_32_BIT_CONVERSION = YES;
				GCC_WARN_ABOUT_RETURN_TYPE = YES_ERROR;
				GCC_WARN_UNDECLARED_SELECTOR = YES;
				GCC_WARN_UNINITIALIZED_AUTOS = YES_AGGRESSIVE;
				GCC_WARN_UNUSED_FUNCTION = YES;
				GCC_WARN_UNUSED_VARIABLE = YES;
				MACOSX_DEPLOYMENT_TARGET = 10.11;
				MTL_ENABLE_DEBUG_INFO = NO;
				SDKROOT = macosx;
				SWIFT_OPTIMIZATION_LEVEL = "-Owholemodule";
			};
			name = Release;
		};
		11ACFD121DEA29FE00E5FE62 /* Debug */ = {
			isa = XCBuildConfiguration;
			baseConfigurationReference = 191FE2B78EEBD67AB3A52861 /* Pods-Antidote.debug.xcconfig */;
			buildSettings = {
				ASSETCATALOG_COMPILER_APPICON_NAME = AppIcon;
				CLANG_ENABLE_MODULES = YES;
				COMBINE_HIDPI_IMAGES = YES;
				DEVELOPMENT_TEAM = NHVF8NSG3J;
				INFOPLIST_FILE = Antidote/Info.plist;
				LD_RUNPATH_SEARCH_PATHS = "$(inherited) @executable_path/../Frameworks";
				PRODUCT_BUNDLE_IDENTIFIER = me.dvor.Antidote;
				PRODUCT_NAME = "$(TARGET_NAME)";
				SWIFT_OBJC_BRIDGING_HEADER = "Antidote/Antidote-Bridging-Header.h";
				SWIFT_OPTIMIZATION_LEVEL = "-Onone";
				SWIFT_VERSION = 3.0;
			};
			name = Debug;
		};
		11ACFD131DEA29FE00E5FE62 /* Release */ = {
			isa = XCBuildConfiguration;
			baseConfigurationReference = AC55605FF3B6978D5B37057C /* Pods-Antidote.release.xcconfig */;
			buildSettings = {
				ASSETCATALOG_COMPILER_APPICON_NAME = AppIcon;
				CLANG_ENABLE_MODULES = YES;
				COMBINE_HIDPI_IMAGES = YES;
				DEVELOPMENT_TEAM = NHVF8NSG3J;
				INFOPLIST_FILE = Antidote/Info.plist;
				LD_RUNPATH_SEARCH_PATHS = "$(inherited) @executable_path/../Frameworks";
				PRODUCT_BUNDLE_IDENTIFIER = me.dvor.Antidote;
				PRODUCT_NAME = "$(TARGET_NAME)";
				SWIFT_OBJC_BRIDGING_HEADER = "Antidote/Antidote-Bridging-Header.h";
				SWIFT_VERSION = 3.0;
			};
			name = Release;
		};
		11ACFD151DEA29FE00E5FE62 /* Debug */ = {
			isa = XCBuildConfiguration;
			baseConfigurationReference = 97F2B7B37B023CCBED066487 /* Pods-AntidoteTests.debug.xcconfig */;
			buildSettings = {
				BUNDLE_LOADER = "$(TEST_HOST)";
				COMBINE_HIDPI_IMAGES = YES;
				DEVELOPMENT_TEAM = NHVF8NSG3J;
				INFOPLIST_FILE = AntidoteTests/Info.plist;
				LD_RUNPATH_SEARCH_PATHS = "$(inherited) @executable_path/../Frameworks @loader_path/../Frameworks";
				PRODUCT_BUNDLE_IDENTIFIER = me.dvor.AntidoteTests;
				PRODUCT_NAME = "$(TARGET_NAME)";
				SWIFT_VERSION = 3.0;
				TEST_HOST = "$(BUILT_PRODUCTS_DIR)/Antidote.app/Contents/MacOS/Antidote";
			};
			name = Debug;
		};
		11ACFD161DEA29FE00E5FE62 /* Release */ = {
			isa = XCBuildConfiguration;
			baseConfigurationReference = 20E71A13F5877B1D5A22B7FE /* Pods-AntidoteTests.release.xcconfig */;
			buildSettings = {
				BUNDLE_LOADER = "$(TEST_HOST)";
				COMBINE_HIDPI_IMAGES = YES;
				DEVELOPMENT_TEAM = NHVF8NSG3J;
				INFOPLIST_FILE = AntidoteTests/Info.plist;
				LD_RUNPATH_SEARCH_PATHS = "$(inherited) @executable_path/../Frameworks @loader_path/../Frameworks";
				PRODUCT_BUNDLE_IDENTIFIER = me.dvor.AntidoteTests;
				PRODUCT_NAME = "$(TARGET_NAME)";
				SWIFT_VERSION = 3.0;
				TEST_HOST = "$(BUILT_PRODUCTS_DIR)/Antidote.app/Contents/MacOS/Antidote";
			};
			name = Release;
		};
/* End XCBuildConfiguration section */

/* Begin XCConfigurationList section */
		11ACFCF41DEA29FE00E5FE62 /* Build configuration list for PBXProject "Antidote" */ = {
			isa = XCConfigurationList;
			buildConfigurations = (
				11ACFD0F1DEA29FE00E5FE62 /* Debug */,
				11ACFD101DEA29FE00E5FE62 /* Release */,
			);
			defaultConfigurationIsVisible = 0;
			defaultConfigurationName = Release;
		};
		11ACFD111DEA29FE00E5FE62 /* Build configuration list for PBXNativeTarget "Antidote" */ = {
			isa = XCConfigurationList;
			buildConfigurations = (
				11ACFD121DEA29FE00E5FE62 /* Debug */,
				11ACFD131DEA29FE00E5FE62 /* Release */,
			);
			defaultConfigurationIsVisible = 0;
			defaultConfigurationName = Release;
		};
		11ACFD141DEA29FE00E5FE62 /* Build configuration list for PBXNativeTarget "AntidoteTests" */ = {
			isa = XCConfigurationList;
			buildConfigurations = (
				11ACFD151DEA29FE00E5FE62 /* Debug */,
				11ACFD161DEA29FE00E5FE62 /* Release */,
			);
			defaultConfigurationIsVisible = 0;
			defaultConfigurationName = Release;
		};
/* End XCConfigurationList section */
	};
	rootObject = 11ACFCF11DEA29FE00E5FE62 /* Project object */;
}
